
Microsoft Visual Studio Solution File, Format Version 12.00
# Visual Studio Version 17
VisualStudioVersion = 17.4.33213.308
MinimumVisualStudioVersion = 10.0.40219.1
Project("{9A19103F-16F7-4668-BE54-9A1E7A4F7556}") = "P01. Old Books", "P01. Old Books\P01. Old Books.csproj", "{A5B834F9-CAFB-400B-939E-5B828073B942}"
EndProject
Project("{9A19103F-16F7-4668-BE54-9A1E7A4F7556}") = "P02. Exam Preparation", "P02. Exam Preparation\P02. Exam Preparation.csproj", "{4B5E96A6-C12F-463A-AF97-D24EDEF5BA9B}"
EndProject
Project("{9A19103F-16F7-4668-BE54-9A1E7A4F7556}") = "P03. Vacation", "P03. Vacation\P03. Vacation.csproj", "{D30362F9-A172-46D4-ACAA-DEB7F6677544}"
EndProject
Project("{FAE04EC0-301F-11D3-BF4B-00C04F79EFBC}") = "P04. Walking", "P04. Walking\P04. Walking.csproj", "{71CC2B0F-CC8F-4DCC-8364-C9D355668E6C}"
EndProject
Project("{FAE04EC0-301F-11D3-BF4B-00C04F79EFBC}") = "P05. Coins", "P05. Coins\P05. Coins.csproj", "{9367EB3E-7C95-4CBA-BDF9-120E0DB4CDD3}"
EndProject
Project("{FAE04EC0-301F-11D3-BF4B-00C04F79EFBC}") = "P06. Cake", "P06. Cake\P06. Cake.csproj", "{23C50D4B-A140-49FF-B4F0-6D306DA81145}"
EndProject
Project("{FAE04EC0-301F-11D3-BF4B-00C04F79EFBC}") = "P07. Moving", "P07. Moving\P07. Moving.csproj", "{EEC4CC61-9AF9-4DB8-AB65-51BF404ECA6C}"
EndProject
Global
	GlobalSection(SolutionConfigurationPlatforms) = preSolution
		Debug|Any CPU = Debug|Any CPU
		Release|Any CPU = Release|Any CPU
	EndGlobalSection
	GlobalSection(ProjectConfigurationPlatforms) = postSolution
		{A5B834F9-CAFB-400B-939E-5B828073B942}.Debug|Any CPU.ActiveCfg = Debug|Any CPU
		{A5B834F9-CAFB-400B-939E-5B828073B942}.Debug|Any CPU.Build.0 = Debug|Any CPU
		{A5B834F9-CAFB-400B-939E-5B828073B942}.Release|Any CPU.ActiveCfg = Release|Any CPU
		{A5B834F9-CAFB-400B-939E-5B828073B942}.Release|Any CPU.Build.0 = Release|Any CPU
		{4B5E96A6-C12F-463A-AF97-D24EDEF5BA9B}.Debug|Any CPU.ActiveCfg = Debug|Any CPU
		{4B5E96A6-C12F-463A-AF97-D24EDEF5BA9B}.Debug|Any CPU.Build.0 = Debug|Any CPU
		{4B5E96A6-C12F-463A-AF97-D24EDEF5BA9B}.Release|Any CPU.ActiveCfg = Release|Any CPU
		{4B5E96A6-C12F-463A-AF97-D24EDEF5BA9B}.Release|Any CPU.Build.0 = Release|Any CPU
		{D30362F9-A172-46D4-ACAA-DEB7F6677544}.Debug|Any CPU.ActiveCfg = Debug|Any CPU
		{D30362F9-A172-46D4-ACAA-DEB7F6677544}.Debug|Any CPU.Build.0 = Debug|Any CPU
		{D30362F9-A172-46D4-ACAA-DEB7F6677544}.Release|Any CPU.ActiveCfg = Release|Any CPU
		{D30362F9-A172-46D4-ACAA-DEB7F6677544}.Release|Any CPU.Build.0 = Release|Any CPU
		{71CC2B0F-CC8F-4DCC-8364-C9D355668E6C}.Debug|Any CPU.ActiveCfg = Debug|Any CPU
		{71CC2B0F-CC8F-4DCC-8364-C9D355668E6C}.Debug|Any CPU.Build.0 = Debug|Any CPU
		{71CC2B0F-CC8F-4DCC-8364-C9D355668E6C}.Release|Any CPU.ActiveCfg = Release|Any CPU
		{71CC2B0F-CC8F-4DCC-8364-C9D355668E6C}.Release|Any CPU.Build.0 = Release|Any CPU
		{9367EB3E-7C95-4CBA-BDF9-120E0DB4CDD3}.Debug|Any CPU.ActiveCfg = Debug|Any CPU
		{9367EB3E-7C95-4CBA-BDF9-120E0DB4CDD3}.Debug|Any CPU.Build.0 = Debug|Any CPU
		{9367EB3E-7C95-4CBA-BDF9-120E0DB4CDD3}.Release|Any CPU.ActiveCfg = Release|Any CPU
		{9367EB3E-7C95-4CBA-BDF9-120E0DB4CDD3}.Release|Any CPU.Build.0 = Release|Any CPU
		{23C50D4B-A140-49FF-B4F0-6D306DA81145}.Debug|Any CPU.ActiveCfg = Debug|Any CPU
		{23C50D4B-A140-49FF-B4F0-6D306DA81145}.Debug|Any CPU.Build.0 = Debug|Any CPU
		{23C50D4B-A140-49FF-B4F0-6D306DA81145}.Release|Any CPU.ActiveCfg = Release|Any CPU
		{23C50D4B-A140-49FF-B4F0-6D306DA81145}.Release|Any CPU.Build.0 = Release|Any CPU
		{EEC4CC61-9AF9-4DB8-AB65-51BF404ECA6C}.Debug|Any CPU.ActiveCfg = Debug|Any CPU
		{EEC4CC61-9AF9-4DB8-AB65-51BF404ECA6C}.Debug|Any CPU.Build.0 = Debug|Any CPU
		{EEC4CC61-9AF9-4DB8-AB65-51BF404ECA6C}.Release|Any CPU.ActiveCfg = Release|Any CPU
		{EEC4CC61-9AF9-4DB8-AB65-51BF404ECA6C}.Release|Any CPU.Build.0 = Release|Any CPU
	EndGlobalSection
	GlobalSection(SolutionProperties) = preSolution
		HideSolutionNode = FALSE
	EndGlobalSection
	GlobalSection(ExtensibilityGlobals) = postSolution
		SolutionGuid = {F6242A6E-30F4-4DEA-8093-295B1E5232DF}
	EndGlobalSection
EndGlobal
